<?xml version="1.0" encoding="utf-8"?>
<Project ToolsVersion="4.0" xmlns="http://schemas.microsoft.com/developer/msbuild/2003">
  <ItemGroup>
    <Filter Include="源文件">
      <UniqueIdentifier>{4FC737F1-C7A5-4376-A066-2A32D752A2FF}</UniqueIdentifier>
      <Extensions>cpp;c;cc;cxx;def;odl;idl;hpj;bat;asm;asmx</Extensions>
    </Filter>
    <Filter Include="头文件">
      <UniqueIdentifier>{93995380-89BD-4b04-88EB-625FBE52EBFB}</UniqueIdentifier>
      <Extensions>h;hh;hpp;hxx;hm;inl;inc;xsd</Extensions>
    </Filter>
    <Filter Include="资源文件">
      <UniqueIdentifier>{67DA6AB6-F800-4c08-8B7A-83BB121AAD01}</UniqueIdentifier>
      <Extensions>rc;ico;cur;bmp;dlg;rc2;rct;bin;rgs;gif;jpg;jpeg;jpe;resx;tiff;tif;png;wav;mfcribbon-ms</Extensions>
    </Filter>
  </ItemGroup>
  <ItemGroup>
    <Text Include="ReadMe.txt" />
  </ItemGroup>
  <ItemGroup>
    <ClInclude Include="GECFLY_WIFI.h">
      <Filter>头文件</Filter>
    </ClInclude>
    <ClInclude Include="GECFLY_WIFIDlg.h">
      <Filter>头文件</Filter>
    </ClInclude>
    <ClInclude Include="stdafx.h">
      <Filter>头文件</Filter>
    </ClInclude>
    <ClInclude Include="targetver.h">
      <Filter>头文件</Filter>
    </ClInclude>
    <ClInclude Include="Resource.h">
      <Filter>头文件</Filter>
    </ClInclude>
    <ClInclude Include="Param.h">
      <Filter>头文件</Filter>
    </ClInclude>
    <ClInclude Include="ChartCtrlClass\ChartAxis.h">
      <Filter>头文件</Filter>
    </ClInclude>
    <ClInclude Include="ChartCtrlClass\ChartAxisLabel.h">
      <Filter>头文件</Filter>
    </ClInclude>
    <ClInclude Include="ChartCtrlClass\ChartBalloonLabel.h">
      <Filter>头文件</Filter>
    </ClInclude>
    <ClInclude Include="ChartCtrlClass\ChartBarSerie.h">
      <Filter>头文件</Filter>
    </ClInclude>
    <ClInclude Include="ChartCtrlClass\ChartCandlestickSerie.h">
      <Filter>头文件</Filter>
    </ClInclude>
    <ClInclude Include="ChartCtrlClass\ChartCrossHairCursor.h">
      <Filter>头文件</Filter>
    </ClInclude>
    <ClInclude Include="ChartCtrlClass\ChartCtrl.h">
      <Filter>头文件</Filter>
    </ClInclude>
    <ClInclude Include="ChartCtrlClass\ChartCursor.h">
      <Filter>头文件</Filter>
    </ClInclude>
    <ClInclude Include="ChartCtrlClass\ChartDateTimeAxis.h">
      <Filter>头文件</Filter>
    </ClInclude>
    <ClInclude Include="ChartCtrlClass\ChartDragLineCursor.h">
      <Filter>头文件</Filter>
    </ClInclude>
    <ClInclude Include="ChartCtrlClass\ChartFont.h">
      <Filter>头文件</Filter>
    </ClInclude>
    <ClInclude Include="ChartCtrlClass\ChartGanttSerie.h">
      <Filter>头文件</Filter>
    </ClInclude>
    <ClInclude Include="ChartCtrlClass\ChartGradient.h">
      <Filter>头文件</Filter>
    </ClInclude>
    <ClInclude Include="ChartCtrlClass\ChartGrid.h">
      <Filter>头文件</Filter>
    </ClInclude>
    <ClInclude Include="ChartCtrlClass\ChartLabel.h">
      <Filter>头文件</Filter>
    </ClInclude>
    <ClInclude Include="ChartCtrlClass\ChartLegend.h">
      <Filter>头文件</Filter>
    </ClInclude>
    <ClInclude Include="ChartCtrlClass\ChartLineSerie.h">
      <Filter>头文件</Filter>
    </ClInclude>
    <ClInclude Include="ChartCtrlClass\ChartLogarithmicAxis.h">
      <Filter>头文件</Filter>
    </ClInclude>
    <ClInclude Include="ChartCtrlClass\ChartMouseListener.h">
      <Filter>头文件</Filter>
    </ClInclude>
    <ClInclude Include="ChartCtrlClass\ChartPointsArray.h">
      <Filter>头文件</Filter>
    </ClInclude>
    <ClInclude Include="ChartCtrlClass\ChartPointsSerie.h">
      <Filter>头文件</Filter>
    </ClInclude>
    <ClInclude Include="ChartCtrlClass\ChartScrollBar.h">
      <Filter>头文件</Filter>
    </ClInclude>
    <ClInclude Include="ChartCtrlClass\ChartSerie.h">
      <Filter>头文件</Filter>
    </ClInclude>
    <ClInclude Include="ChartCtrlClass\ChartSerieBase.h">
      <Filter>头文件</Filter>
    </ClInclude>
    <ClInclude Include="ChartCtrlClass\ChartSeriesMouseListener.h">
      <Filter>头文件</Filter>
    </ClInclude>
    <ClInclude Include="ChartCtrlClass\ChartStandardAxis.h">
      <Filter>头文件</Filter>
    </ClInclude>
    <ClInclude Include="ChartCtrlClass\ChartString.h">
      <Filter>头文件</Filter>
    </ClInclude>
    <ClInclude Include="ChartCtrlClass\ChartSurfaceSerie.h">
      <Filter>头文件</Filter>
    </ClInclude>
    <ClInclude Include="ChartCtrlClass\ChartTitle.h">
      <Filter>头文件</Filter>
    </ClInclude>
    <ClInclude Include="ChartCtrlClass\ChartXYSerie.h">
      <Filter>头文件</Filter>
    </ClInclude>
    <ClInclude Include="ChartCtrlClass\PointsOrdering.h">
      <Filter>头文件</Filter>
    </ClInclude>
  </ItemGroup>
  <ItemGroup>
    <ClCompile Include="GECFLY_WIFI.cpp">
      <Filter>源文件</Filter>
    </ClCompile>
    <ClCompile Include="GECFLY_WIFIDlg.cpp">
      <Filter>源文件</Filter>
    </ClCompile>
    <ClCompile Include="stdafx.cpp">
      <Filter>源文件</Filter>
    </ClCompile>
    <ClCompile Include="Param.cpp">
      <Filter>源文件</Filter>
    </ClCompile>
    <ClCompile Include="ChartCtrlClass\ChartAxis.cpp">
      <Filter>源文件</Filter>
    </ClCompile>
    <ClCompile Include="ChartCtrlClass\ChartAxisLabel.cpp">
      <Filter>源文件</Filter>
    </ClCompile>
    <ClCompile Include="ChartCtrlClass\ChartBarSerie.cpp">
      <Filter>源文件</Filter>
    </ClCompile>
    <ClCompile Include="ChartCtrlClass\ChartCandlestickSerie.cpp">
      <Filter>源文件</Filter>
    </ClCompile>
    <ClCompile Include="ChartCtrlClass\ChartCrossHairCursor.cpp">
      <Filter>源文件</Filter>
    </ClCompile>
    <ClCompile Include="ChartCtrlClass\ChartCtrl.cpp">
      <Filter>源文件</Filter>
    </ClCompile>
    <ClCompile Include="ChartCtrlClass\ChartCursor.cpp">
      <Filter>源文件</Filter>
    </ClCompile>
    <ClCompile Include="ChartCtrlClass\ChartDateTimeAxis.cpp">
      <Filter>源文件</Filter>
    </ClCompile>
    <ClCompile Include="ChartCtrlClass\ChartDragLineCursor.cpp">
      <Filter>源文件</Filter>
    </ClCompile>
    <ClCompile Include="ChartCtrlClass\ChartFont.cpp">
      <Filter>源文件</Filter>
    </ClCompile>
    <ClCompile Include="ChartCtrlClass\ChartGanttSerie.cpp">
      <Filter>源文件</Filter>
    </ClCompile>
    <ClCompile Include="ChartCtrlClass\ChartGradient.cpp">
      <Filter>源文件</Filter>
    </ClCompile>
    <ClCompile Include="ChartCtrlClass\ChartGrid.cpp">
      <Filter>源文件</Filter>
    </ClCompile>
    <ClCompile Include="ChartCtrlClass\ChartLegend.cpp">
      <Filter>源文件</Filter>
    </ClCompile>
    <ClCompile Include="ChartCtrlClass\ChartLineSerie.cpp">
      <Filter>源文件</Filter>
    </ClCompile>
    <ClCompile Include="ChartCtrlClass\ChartLogarithmicAxis.cpp">
      <Filter>源文件</Filter>
    </ClCompile>
    <ClCompile Include="ChartCtrlClass\ChartPointsSerie.cpp">
      <Filter>源文件</Filter>
    </ClCompile>
    <ClCompile Include="ChartCtrlClass\ChartScrollBar.cpp">
      <Filter>源文件</Filter>
    </ClCompile>
    <ClCompile Include="ChartCtrlClass\ChartSerie.cpp">
      <Filter>源文件</Filter>
    </ClCompile>
    <ClCompile Include="ChartCtrlClass\ChartStandardAxis.cpp">
      <Filter>源文件</Filter>
    </ClCompile>
    <ClCompile Include="ChartCtrlClass\ChartSurfaceSerie.cpp">
      <Filter>源文件</Filter>
    </ClCompile>
    <ClCompile Include="ChartCtrlClass\ChartTitle.cpp">
      <Filter>源文件</Filter>
    </ClCompile>
    <ClCompile Include="ChartCtrlClass\ChartXYSerie.cpp">
      <Filter>源文件</Filter>
    </ClCompile>
  </ItemGroup>
  <ItemGroup>
    <ResourceCompile Include="GECFLY_WIFI.rc">
      <Filter>资源文件</Filter>
    </ResourceCompile>
  </ItemGroup>
  <ItemGroup>
    <None Include="res\GECFLY_WIFI.rc2">
      <Filter>资源文件</Filter>
    </None>
    <None Include="ChartCtrlClass\ChartBalloonLabel.inl">
      <Filter>头文件</Filter>
    </None>
    <None Include="ChartCtrlClass\ChartLabel.inl">
      <Filter>头文件</Filter>
    </None>
    <None Include="ChartCtrlClass\ChartPointsArray.inl">
      <Filter>头文件</Filter>
    </None>
    <None Include="ChartCtrlClass\ChartSerieBase.inl">
      <Filter>头文件</Filter>
    </None>
  </ItemGroup>
  <ItemGroup>
    <Image Include="res\GECFLY_WIFI.ico">
      <Filter>资源文件</Filter>
    </Image>
  </ItemGroup>
</Project>